version: 2.0
shards:
  ameba:
    git: https://github.com/crystal-ameba/ameba.git
    version: 0.12.1

  crystar:
    git: https://github.com/naqvis/crystar.git
    version: 0.1.7

  db:
    git: https://github.com/crystal-lang/crystal-db.git
    version: 0.9.0

  dotenv:
    git: https://github.com/gdotdesign/cr-dotenv.git
    version: 0.7.0

  graphql:
    git: https://gitlab.com/everbase/graphql.git
    version: 0.2.1

  mysql:
    git: https://github.com/crystal-lang/crystal-mysql.git
    version: 0.11.2

